
Microsoft Visual Studio Solution File, Format Version 12.00
# Visual Studio Version 16
VisualStudioVersion = 16.0.36128.20
MinimumVisualStudioVersion = 10.0.40219.1
Project("{FAE04EC0-301F-11D3-BF4B-00C04F79EFBC}") = "CodingChallenge1", "CodingChallenge1\CodingChallenge1.csproj", "{631F5DA8-8F70-4EC5-BA06-168CCD02749A}"
EndProject
Global
	GlobalSection(SolutionConfigurationPlatforms) = preSolution
		Debug|Any CPU = Debug|Any CPU
		Release|Any CPU = Release|Any CPU
	EndGlobalSection
	GlobalSection(ProjectConfigurationPlatforms) = postSolution
		{631F5DA8-8F70-4EC5-BA06-168CCD02749A}.Debug|Any CPU.ActiveCfg = Debug|Any CPU
		{631F5DA8-8F70-4EC5-BA06-168CCD02749A}.Debug|Any CPU.Build.0 = Debug|Any CPU
		{631F5DA8-8F70-4EC5-BA06-168CCD02749A}.Release|Any CPU.ActiveCfg = Release|Any CPU
		{631F5DA8-8F70-4EC5-BA06-168CCD02749A}.Release|Any CPU.Build.0 = Release|Any CPU
	EndGlobalSection
	GlobalSection(SolutionProperties) = preSolution
		HideSolutionNode = FALSE
	EndGlobalSection
	GlobalSection(ExtensibilityGlobals) = postSolution
		SolutionGuid = {605CCC03-4DE0-4A92-B71F-F98292C443E8}
	EndGlobalSection
EndGlobal
